// !$*UTF8*$!
{
	archiveVersion = 1;
	classes = {
	};
	objectVersion = 46;
	objects = {

/* Begin PBXBuildFile section */
		8162EF1D1A8572E900B230AD /* AppDelegate.swift in Sources */ = {isa = PBXBuildFile; fileRef = 8162EF1C1A8572E900B230AD /* AppDelegate.swift */; };
		8162EF1F1A8572EA00B230AD /* GameScene.swift in Sources */ = {isa = PBXBuildFile; fileRef = 8162EF1E1A8572EA00B230AD /* GameScene.swift */; };
		8162EF211A8572EA00B230AD /* GameScene.sks in Resources */ = {isa = PBXBuildFile; fileRef = 8162EF201A8572EA00B230AD /* GameScene.sks */; };
		8162EF231A8572EA00B230AD /* Images.xcassets in Resources */ = {isa = PBXBuildFile; fileRef = 8162EF221A8572EA00B230AD /* Images.xcassets */; };
		8162EF261A8572EA00B230AD /* MainMenu.xib in Resources */ = {isa = PBXBuildFile; fileRef = 8162EF241A8572EA00B230AD /* MainMenu.xib */; };
		8162EF321A8572EA00B230AD /* MirrorLaserTagTests.swift in Sources */ = {isa = PBXBuildFile; fileRef = 8162EF311A8572EA00B230AD /* MirrorLaserTagTests.swift */; };
		8162EF3E1A85739E00B230AD /* Extensions.swift in Sources */ = {isa = PBXBuildFile; fileRef = 8162EF3D1A85739E00B230AD /* Extensions.swift */; };
		8162EF401A85750600B230AD /* Player.swift in Sources */ = {isa = PBXBuildFile; fileRef = 8162EF3F1A85750600B230AD /* Player.swift */; };
		8162EF421A85752E00B230AD /* Mirror.swift in Sources */ = {isa = PBXBuildFile; fileRef = 8162EF411A85752E00B230AD /* Mirror.swift */; };
		8162EF441A85755300B230AD /* Map.swift in Sources */ = {isa = PBXBuildFile; fileRef = 8162EF431A85755300B230AD /* Map.swift */; };
		8162EF461A8575B300B230AD /* Controls.swift in Sources */ = {isa = PBXBuildFile; fileRef = 8162EF451A8575B300B230AD /* Controls.swift */; };
		8162EF481A85780D00B230AD /* Projectile.swift in Sources */ = {isa = PBXBuildFile; fileRef = 8162EF471A85780D00B230AD /* Projectile.swift */; };
		8162EF4A1A85795C00B230AD /* PhysicsType.swift in Sources */ = {isa = PBXBuildFile; fileRef = 8162EF491A85795C00B230AD /* PhysicsType.swift */; };
		81CB89C21A862AE400E8A932 /* Obstacle.swift in Sources */ = {isa = PBXBuildFile; fileRef = 81CB89C11A862AE400E8A932 /* Obstacle.swift */; };
		81CB89C41A862C2700E8A932 /* Level.swift in Sources */ = {isa = PBXBuildFile; fileRef = 81CB89C31A862C2700E8A932 /* Level.swift */; };
		81CB89C61A863C9600E8A932 /* PowerUp.swift in Sources */ = {isa = PBXBuildFile; fileRef = 81CB89C51A863C9600E8A932 /* PowerUp.swift */; };
		81CB89D01A86799100E8A932 /* Dead.wav in Resources */ = {isa = PBXBuildFile; fileRef = 81CB89C81A86799100E8A932 /* Dead.wav */; };
		81CB89D11A86799100E8A932 /* Hit.wav in Resources */ = {isa = PBXBuildFile; fileRef = 81CB89C91A86799100E8A932 /* Hit.wav */; };
		81CB89D21A86799100E8A932 /* Laser1.wav in Resources */ = {isa = PBXBuildFile; fileRef = 81CB89CA1A86799100E8A932 /* Laser1.wav */; };
		81CB89D31A86799100E8A932 /* Laser2.wav in Resources */ = {isa = PBXBuildFile; fileRef = 81CB89CB1A86799100E8A932 /* Laser2.wav */; };
		81CB89D41A86799100E8A932 /* Laser3.wav in Resources */ = {isa = PBXBuildFile; fileRef = 81CB89CC1A86799100E8A932 /* Laser3.wav */; };
		81CB89D51A86799100E8A932 /* Ricochet1.wav in Resources */ = {isa = PBXBuildFile; fileRef = 81CB89CD1A86799100E8A932 /* Ricochet1.wav */; };
		81CB89D61A86799100E8A932 /* Ricochet2.wav in Resources */ = {isa = PBXBuildFile; fileRef = 81CB89CE1A86799100E8A932 /* Ricochet2.wav */; };
		81CB89D71A86799100E8A932 /* Ricochet3.wav in Resources */ = {isa = PBXBuildFile; fileRef = 81CB89CF1A86799100E8A932 /* Ricochet3.wav */; };
		FF16FB131A861BAB009A0DFC /* PlayerInfo.swift in Sources */ = {isa = PBXBuildFile; fileRef = FF16FB121A861BAB009A0DFC /* PlayerInfo.swift */; };
		FF6150341A86702B00C42AFB /* LaserMusic.mp3 in Resources */ = {isa = PBXBuildFile; fileRef = FF6150331A86702B00C42AFB /* LaserMusic.mp3 */; };
		FF6150361A86706600C42AFB /* MusicPlayer.swift in Sources */ = {isa = PBXBuildFile; fileRef = FF6150351A86706600C42AFB /* MusicPlayer.swift */; };
/* End PBXBuildFile section */

/* Begin PBXContainerItemProxy section */
		8162EF2C1A8572EA00B230AD /* PBXContainerItemProxy */ = {
			isa = PBXContainerItemProxy;
			containerPortal = 8162EF0F1A8572E900B230AD /* Project object */;
			proxyType = 1;
			remoteGlobalIDString = 8162EF161A8572E900B230AD;
			remoteInfo = MirrorLaserTag;
		};
/* End PBXContainerItemProxy section */

/* Begin PBXFileReference section */
		8162EF171A8572E900B230AD /* MirrorLaserTag.app */ = {isa = PBXFileReference; explicitFileType = wrapper.application; includeInIndex = 0; path = MirrorLaserTag.app; sourceTree = BUILT_PRODUCTS_DIR; };
		8162EF1B1A8572E900B230AD /* Info.plist */ = {isa = PBXFileReference; lastKnownFileType = text.plist.xml; path = Info.plist; sourceTree = "<group>"; };
		8162EF1C1A8572E900B230AD /* AppDelegate.swift */ = {isa = PBXFileReference; lastKnownFileType = sourcecode.swift; path = AppDelegate.swift; sourceTree = "<group>"; };
		8162EF1E1A8572EA00B230AD /* GameScene.swift */ = {isa = PBXFileReference; lastKnownFileType = sourcecode.swift; path = GameScene.swift; sourceTree = "<group>"; };
		8162EF201A8572EA00B230AD /* GameScene.sks */ = {isa = PBXFileReference; lastKnownFileType = file.sks; name = GameScene.sks; path = MirrorLaserTag/GameScene.sks; sourceTree = "<group>"; };
		8162EF221A8572EA00B230AD /* Images.xcassets */ = {isa = PBXFileReference; lastKnownFileType = folder.assetcatalog; name = Images.xcassets; path = MirrorLaserTag/Images.xcassets; sourceTree = "<group>"; };
		8162EF251A8572EA00B230AD /* Base */ = {isa = PBXFileReference; lastKnownFileType = file.xib; name = Base; path = Base.lproj/MainMenu.xib; sourceTree = "<group>"; };
		8162EF2B1A8572EA00B230AD /* MirrorLaserTagTests.xctest */ = {isa = PBXFileReference; explicitFileType = wrapper.cfbundle; includeInIndex = 0; path = MirrorLaserTagTests.xctest; sourceTree = BUILT_PRODUCTS_DIR; };
		8162EF301A8572EA00B230AD /* Info.plist */ = {isa = PBXFileReference; lastKnownFileType = text.plist.xml; path = Info.plist; sourceTree = "<group>"; };
		8162EF311A8572EA00B230AD /* MirrorLaserTagTests.swift */ = {isa = PBXFileReference; lastKnownFileType = sourcecode.swift; path = MirrorLaserTagTests.swift; sourceTree = "<group>"; };
		8162EF3D1A85739E00B230AD /* Extensions.swift */ = {isa = PBXFileReference; fileEncoding = 4; lastKnownFileType = sourcecode.swift; path = Extensions.swift; sourceTree = "<group>"; };
		8162EF3F1A85750600B230AD /* Player.swift */ = {isa = PBXFileReference; fileEncoding = 4; lastKnownFileType = sourcecode.swift; path = Player.swift; sourceTree = "<group>"; };
		8162EF411A85752E00B230AD /* Mirror.swift */ = {isa = PBXFileReference; fileEncoding = 4; lastKnownFileType = sourcecode.swift; path = Mirror.swift; sourceTree = "<group>"; };
		8162EF431A85755300B230AD /* Map.swift */ = {isa = PBXFileReference; fileEncoding = 4; lastKnownFileType = sourcecode.swift; path = Map.swift; sourceTree = "<group>"; };
		8162EF451A8575B300B230AD /* Controls.swift */ = {isa = PBXFileReference; fileEncoding = 4; lastKnownFileType = sourcecode.swift; path = Controls.swift; sourceTree = "<group>"; };
		8162EF471A85780D00B230AD /* Projectile.swift */ = {isa = PBXFileReference; fileEncoding = 4; lastKnownFileType = sourcecode.swift; path = Projectile.swift; sourceTree = "<group>"; };
		8162EF491A85795C00B230AD /* PhysicsType.swift */ = {isa = PBXFileReference; fileEncoding = 4; lastKnownFileType = sourcecode.swift; path = PhysicsType.swift; sourceTree = "<group>"; };
		81CB89C11A862AE400E8A932 /* Obstacle.swift */ = {isa = PBXFileReference; fileEncoding = 4; lastKnownFileType = sourcecode.swift; path = Obstacle.swift; sourceTree = "<group>"; };
		81CB89C31A862C2700E8A932 /* Level.swift */ = {isa = PBXFileReference; fileEncoding = 4; lastKnownFileType = sourcecode.swift; path = Level.swift; sourceTree = "<group>"; };
		81CB89C51A863C9600E8A932 /* PowerUp.swift */ = {isa = PBXFileReference; fileEncoding = 4; lastKnownFileType = sourcecode.swift; path = PowerUp.swift; sourceTree = "<group>"; };
		81CB89C81A86799100E8A932 /* Dead.wav */ = {isa = PBXFileReference; lastKnownFileType = audio.wav; path = Dead.wav; sourceTree = "<group>"; };
		81CB89C91A86799100E8A932 /* Hit.wav */ = {isa = PBXFileReference; lastKnownFileType = audio.wav; path = Hit.wav; sourceTree = "<group>"; };
		81CB89CA1A86799100E8A932 /* Laser1.wav */ = {isa = PBXFileReference; lastKnownFileType = audio.wav; path = Laser1.wav; sourceTree = "<group>"; };
		81CB89CB1A86799100E8A932 /* Laser2.wav */ = {isa = PBXFileReference; lastKnownFileType = audio.wav; path = Laser2.wav; sourceTree = "<group>"; };
		81CB89CC1A86799100E8A932 /* Laser3.wav */ = {isa = PBXFileReference; lastKnownFileType = audio.wav; path = Laser3.wav; sourceTree = "<group>"; };
		81CB89CD1A86799100E8A932 /* Ricochet1.wav */ = {isa = PBXFileReference; lastKnownFileType = audio.wav; path = Ricochet1.wav; sourceTree = "<group>"; };
		81CB89CE1A86799100E8A932 /* Ricochet2.wav */ = {isa = PBXFileReference; lastKnownFileType = audio.wav; path = Ricochet2.wav; sourceTree = "<group>"; };
		81CB89CF1A86799100E8A932 /* Ricochet3.wav */ = {isa = PBXFileReference; lastKnownFileType = audio.wav; path = Ricochet3.wav; sourceTree = "<group>"; };
		FF16FB121A861BAB009A0DFC /* PlayerInfo.swift */ = {isa = PBXFileReference; fileEncoding = 4; lastKnownFileType = sourcecode.swift; path = PlayerInfo.swift; sourceTree = "<group>"; };
		FF6150331A86702B00C42AFB /* LaserMusic.mp3 */ = {isa = PBXFileReference; lastKnownFileType = audio.mp3; path = LaserMusic.mp3; sourceTree = "<group>"; };
		FF6150351A86706600C42AFB /* MusicPlayer.swift */ = {isa = PBXFileReference; fileEncoding = 4; lastKnownFileType = sourcecode.swift; path = MusicPlayer.swift; sourceTree = "<group>"; };
/* End PBXFileReference section */

/* Begin PBXFrameworksBuildPhase section */
		8162EF141A8572E900B230AD /* Frameworks */ = {
			isa = PBXFrameworksBuildPhase;
			buildActionMask = 2147483647;
			files = (
			);
			runOnlyForDeploymentPostprocessing = 0;
		};
		8162EF281A8572EA00B230AD /* Frameworks */ = {
			isa = PBXFrameworksBuildPhase;
			buildActionMask = 2147483647;
			files = (
			);
			runOnlyForDeploymentPostprocessing = 0;
		};
/* End PBXFrameworksBuildPhase section */

/* Begin PBXGroup section */
		8162EF0E1A8572E900B230AD = {
			isa = PBXGroup;
			children = (
				8162EF3B1A85736300B230AD /* Resources */,
				8162EF191A8572E900B230AD /* MirrorLaserTag */,
				8162EF1A1A8572E900B230AD /* Supporting Files */,
				8162EF2E1A8572EA00B230AD /* MirrorLaserTagTests */,
				8162EF181A8572E900B230AD /* Products */,
			);
			sourceTree = "<group>";
		};
		8162EF181A8572E900B230AD /* Products */ = {
			isa = PBXGroup;
			children = (
				8162EF171A8572E900B230AD /* MirrorLaserTag.app */,
				8162EF2B1A8572EA00B230AD /* MirrorLaserTagTests.xctest */,
			);
			name = Products;
			sourceTree = "<group>";
		};
		8162EF191A8572E900B230AD /* MirrorLaserTag */ = {
			isa = PBXGroup;
			children = (
				8162EF3C1A85736C00B230AD /* Game Objects */,
				8162EF1E1A8572EA00B230AD /* GameScene.swift */,
				8162EF3D1A85739E00B230AD /* Extensions.swift */,
				FF6150351A86706600C42AFB /* MusicPlayer.swift */,
			);
			path = MirrorLaserTag;
			sourceTree = "<group>";
		};
		8162EF1A1A8572E900B230AD /* Supporting Files */ = {
			isa = PBXGroup;
			children = (
				8162EF1C1A8572E900B230AD /* AppDelegate.swift */,
				8162EF1B1A8572E900B230AD /* Info.plist */,
			);
			name = "Supporting Files";
			path = MirrorLaserTag;
			sourceTree = "<group>";
		};
		8162EF2E1A8572EA00B230AD /* MirrorLaserTagTests */ = {
			isa = PBXGroup;
			children = (
				8162EF311A8572EA00B230AD /* MirrorLaserTagTests.swift */,
				8162EF2F1A8572EA00B230AD /* Supporting Files */,
			);
			path = MirrorLaserTagTests;
			sourceTree = "<group>";
		};
		8162EF2F1A8572EA00B230AD /* Supporting Files */ = {
			isa = PBXGroup;
			children = (
				8162EF301A8572EA00B230AD /* Info.plist */,
			);
			name = "Supporting Files";
			sourceTree = "<group>";
		};
		8162EF3B1A85736300B230AD /* Resources */ = {
			isa = PBXGroup;
			children = (
				81CB89C71A8678AF00E8A932 /* Sounds */,
				FF6150331A86702B00C42AFB /* LaserMusic.mp3 */,
				8162EF201A8572EA00B230AD /* GameScene.sks */,
				8162EF241A8572EA00B230AD /* MainMenu.xib */,
				8162EF221A8572EA00B230AD /* Images.xcassets */,
			);
			name = Resources;
			sourceTree = "<group>";
		};
		8162EF3C1A85736C00B230AD /* Game Objects */ = {
			isa = PBXGroup;
			children = (
				81CB89C31A862C2700E8A932 /* Level.swift */,
				8162EF3F1A85750600B230AD /* Player.swift */,
				8162EF411A85752E00B230AD /* Mirror.swift */,
				8162EF431A85755300B230AD /* Map.swift */,
				8162EF451A8575B300B230AD /* Controls.swift */,
				8162EF471A85780D00B230AD /* Projectile.swift */,
				8162EF491A85795C00B230AD /* PhysicsType.swift */,
				FF16FB121A861BAB009A0DFC /* PlayerInfo.swift */,
				81CB89C11A862AE400E8A932 /* Obstacle.swift */,
				81CB89C51A863C9600E8A932 /* PowerUp.swift */,
			);
			name = "Game Objects";
			sourceTree = "<group>";
		};
		81CB89C71A8678AF00E8A932 /* Sounds */ = {
			isa = PBXGroup;
			children = (
				81CB89C81A86799100E8A932 /* Dead.wav */,
				81CB89C91A86799100E8A932 /* Hit.wav */,
				81CB89CA1A86799100E8A932 /* Laser1.wav */,
				81CB89CB1A86799100E8A932 /* Laser2.wav */,
				81CB89CC1A86799100E8A932 /* Laser3.wav */,
				81CB89CD1A86799100E8A932 /* Ricochet1.wav */,
				81CB89CE1A86799100E8A932 /* Ricochet2.wav */,
				81CB89CF1A86799100E8A932 /* Ricochet3.wav */,
			);
			name = Sounds;
			sourceTree = "<group>";
		};
/* End PBXGroup section */

/* Begin PBXNativeTarget section */
		8162EF161A8572E900B230AD /* MirrorLaserTag */ = {
			isa = PBXNativeTarget;
			buildConfigurationList = 8162EF351A8572EA00B230AD /* Build configuration list for PBXNativeTarget "MirrorLaserTag" */;
			buildPhases = (
				8162EF131A8572E900B230AD /* Sources */,
				8162EF141A8572E900B230AD /* Frameworks */,
				8162EF151A8572E900B230AD /* Resources */,
			);
			buildRules = (
			);
			dependencies = (
			);
			name = MirrorLaserTag;
			productName = MirrorLaserTag;
			productReference = 8162EF171A8572E900B230AD /* MirrorLaserTag.app */;
			productType = "com.apple.product-type.application";
		};
		8162EF2A1A8572EA00B230AD /* MirrorLaserTagTests */ = {
			isa = PBXNativeTarget;
			buildConfigurationList = 8162EF381A8572EA00B230AD /* Build configuration list for PBXNativeTarget "MirrorLaserTagTests" */;
			buildPhases = (
				8162EF271A8572EA00B230AD /* Sources */,
				8162EF281A8572EA00B230AD /* Frameworks */,
				8162EF291A8572EA00B230AD /* Resources */,
			);
			buildRules = (
			);
			dependencies = (
				8162EF2D1A8572EA00B230AD /* PBXTargetDependency */,
			);
			name = MirrorLaserTagTests;
			productName = MirrorLaserTagTests;
			productReference = 8162EF2B1A8572EA00B230AD /* MirrorLaserTagTests.xctest */;
			productType = "com.apple.product-type.bundle.unit-test";
		};
/* End PBXNativeTarget section */

/* Begin PBXProject section */
		8162EF0F1A8572E900B230AD /* Project object */ = {
			isa = PBXProject;
			attributes = {
				LastUpgradeCheck = 0610;
				ORGANIZATIONNAME = Robocat;
				TargetAttributes = {
					8162EF161A8572E900B230AD = {
						CreatedOnToolsVersion = 6.1.1;
					};
					8162EF2A1A8572EA00B230AD = {
						CreatedOnToolsVersion = 6.1.1;
						TestTargetID = 8162EF161A8572E900B230AD;
					};
				};
			};
			buildConfigurationList = 8162EF121A8572E900B230AD /* Build configuration list for PBXProject "MirrorLaserTag" */;
			compatibilityVersion = "Xcode 3.2";
			developmentRegion = English;
			hasScannedForEncodings = 0;
			knownRegions = (
				en,
				Base,
			);
			mainGroup = 8162EF0E1A8572E900B230AD;
			productRefGroup = 8162EF181A8572E900B230AD /* Products */;
			projectDirPath = "";
			projectRoot = "";
			targets = (
				8162EF161A8572E900B230AD /* MirrorLaserTag */,
				8162EF2A1A8572EA00B230AD /* MirrorLaserTagTests */,
			);
		};
/* End PBXProject section */

/* Begin PBXResourcesBuildPhase section */
		8162EF151A8572E900B230AD /* Resources */ = {
			isa = PBXResourcesBuildPhase;
			buildActionMask = 2147483647;
			files = (
				81CB89D11A86799100E8A932 /* Hit.wav in Resources */,
				81CB89D71A86799100E8A932 /* Ricochet3.wav in Resources */,
				81CB89D21A86799100E8A932 /* Laser1.wav in Resources */,
				FF6150341A86702B00C42AFB /* LaserMusic.mp3 in Resources */,
				81CB89D51A86799100E8A932 /* Ricochet1.wav in Resources */,
				81CB89D61A86799100E8A932 /* Ricochet2.wav in Resources */,
				81CB89D01A86799100E8A932 /* Dead.wav in Resources */,
				8162EF211A8572EA00B230AD /* GameScene.sks in Resources */,
				8162EF231A8572EA00B230AD /* Images.xcassets in Resources */,
				81CB89D41A86799100E8A932 /* Laser3.wav in Resources */,
				8162EF261A8572EA00B230AD /* MainMenu.xib in Resources */,
				81CB89D31A86799100E8A932 /* Laser2.wav in Resources */,
			);
			runOnlyForDeploymentPostprocessing = 0;
		};
		8162EF291A8572EA00B230AD /* Resources */ = {
			isa = PBXResourcesBuildPhase;
			buildActionMask = 2147483647;
			files = (
			);
			runOnlyForDeploymentPostprocessing = 0;
		};
/* End PBXResourcesBuildPhase section */

/* Begin PBXSourcesBuildPhase section */
		8162EF131A8572E900B230AD /* Sources */ = {
			isa = PBXSourcesBuildPhase;
			buildActionMask = 2147483647;
			files = (
				FF16FB131A861BAB009A0DFC /* PlayerInfo.swift in Sources */,
				8162EF401A85750600B230AD /* Player.swift in Sources */,
				81CB89C41A862C2700E8A932 /* Level.swift in Sources */,
				8162EF421A85752E00B230AD /* Mirror.swift in Sources */,
				FF6150361A86706600C42AFB /* MusicPlayer.swift in Sources */,
				81CB89C21A862AE400E8A932 /* Obstacle.swift in Sources */,
				8162EF4A1A85795C00B230AD /* PhysicsType.swift in Sources */,
				8162EF1F1A8572EA00B230AD /* GameScene.swift in Sources */,
				8162EF461A8575B300B230AD /* Controls.swift in Sources */,
				8162EF481A85780D00B230AD /* Projectile.swift in Sources */,
				8162EF3E1A85739E00B230AD /* Extensions.swift in Sources */,
				8162EF441A85755300B230AD /* Map.swift in Sources */,
				81CB89C61A863C9600E8A932 /* PowerUp.swift in Sources */,
				8162EF1D1A8572E900B230AD /* AppDelegate.swift in Sources */,
			);
			runOnlyForDeploymentPostprocessing = 0;
		};
		8162EF271A8572EA00B230AD /* Sources */ = {
			isa = PBXSourcesBuildPhase;
			buildActionMask = 2147483647;
			files = (
				8162EF321A8572EA00B230AD /* MirrorLaserTagTests.swift in Sources */,
			);
			runOnlyForDeploymentPostprocessing = 0;
		};
/* End PBXSourcesBuildPhase section */

/* Begin PBXTargetDependency section */
		8162EF2D1A8572EA00B230AD /* PBXTargetDependency */ = {
			isa = PBXTargetDependency;
			target = 8162EF161A8572E900B230AD /* MirrorLaserTag */;
			targetProxy = 8162EF2C1A8572EA00B230AD /* PBXContainerItemProxy */;
		};
/* End PBXTargetDependency section */

/* Begin PBXVariantGroup section */
		8162EF241A8572EA00B230AD /* MainMenu.xib */ = {
			isa = PBXVariantGroup;
			children = (
				8162EF251A8572EA00B230AD /* Base */,
			);
			name = MainMenu.xib;
			path = MirrorLaserTag;
			sourceTree = "<group>";
		};
/* End PBXVariantGroup section */

/* Begin XCBuildConfiguration section */
		8162EF331A8572EA00B230AD /* Debug */ = {
			isa = XCBuildConfiguration;
			buildSettings = {
				ALWAYS_SEARCH_USER_PATHS = NO;
				CLANG_CXX_LANGUAGE_STANDARD = "gnu++0x";
				CLANG_CXX_LIBRARY = "libc++";
				CLANG_ENABLE_MODULES = YES;
				CLANG_ENABLE_OBJC_ARC = YES;
				CLANG_WARN_BOOL_CONVERSION = YES;
				CLANG_WARN_CONSTANT_CONVERSION = YES;
				CLANG_WARN_DIRECT_OBJC_ISA_USAGE = YES_ERROR;
				CLANG_WARN_EMPTY_BODY = YES;
				CLANG_WARN_ENUM_CONVERSION = YES;
				CLANG_WARN_INT_CONVERSION = YES;
				CLANG_WARN_OBJC_ROOT_CLASS = YES_ERROR;
				CLANG_WARN_UNREACHABLE_CODE = YES;
				CLANG_WARN__DUPLICATE_METHOD_MATCH = YES;
				CODE_SIGN_IDENTITY = "-";
				COPY_PHASE_STRIP = NO;
				ENABLE_STRICT_OBJC_MSGSEND = YES;
				GCC_C_LANGUAGE_STANDARD = gnu99;
				GCC_DYNAMIC_NO_PIC = NO;
				GCC_OPTIMIZATION_LEVEL = 0;
				GCC_PREPROCESSOR_DEFINITIONS = (
					"DEBUG=1",
					"$(inherited)",
				);
				GCC_SYMBOLS_PRIVATE_EXTERN = NO;
				GCC_WARN_64_TO_32_BIT_CONVERSION = YES;
				GCC_WARN_ABOUT_RETURN_TYPE = YES_ERROR;
				GCC_WARN_UNDECLARED_SELECTOR = YES;
				GCC_WARN_UNINITIALIZED_AUTOS = YES_AGGRESSIVE;
				GCC_WARN_UNUSED_FUNCTION = YES;
				GCC_WARN_UNUSED_VARIABLE = YES;
				MACOSX_DEPLOYMENT_TARGET = 10.10;
				MTL_ENABLE_DEBUG_INFO = YES;
				ONLY_ACTIVE_ARCH = YES;
				SDKROOT = macosx;
				SWIFT_OPTIMIZATION_LEVEL = "-Onone";
			};
			name = Debug;
		};
		8162EF341A8572EA00B230AD /* Release */ = {
			isa = XCBuildConfiguration;
			buildSettings = {
				ALWAYS_SEARCH_USER_PATHS = NO;
				CLANG_CXX_LANGUAGE_STANDARD = "gnu++0x";
				CLANG_CXX_LIBRARY = "libc++";
				CLANG_ENABLE_MODULES = YES;
				CLANG_ENABLE_OBJC_ARC = YES;
				CLANG_WARN_BOOL_CONVERSION = YES;
				CLANG_WARN_CONSTANT_CONVERSION = YES;
				CLANG_WARN_DIRECT_OBJC_ISA_USAGE = YES_ERROR;
				CLANG_WARN_EMPTY_BODY = YES;
				CLANG_WARN_ENUM_CONVERSION = YES;
				CLANG_WARN_INT_CONVERSION = YES;
				CLANG_WARN_OBJC_ROOT_CLASS = YES_ERROR;
				CLANG_WARN_UNREACHABLE_CODE = YES;
				CLANG_WARN__DUPLICATE_METHOD_MATCH = YES;
				CODE_SIGN_IDENTITY = "-";
				COPY_PHASE_STRIP = YES;
				DEBUG_INFORMATION_FORMAT = "dwarf-with-dsym";
				ENABLE_NS_ASSERTIONS = NO;
				ENABLE_STRICT_OBJC_MSGSEND = YES;
				GCC_C_LANGUAGE_STANDARD = gnu99;
				GCC_WARN_64_TO_32_BIT_CONVERSION = YES;
				GCC_WARN_ABOUT_RETURN_TYPE = YES_ERROR;
				GCC_WARN_UNDECLARED_SELECTOR = YES;
				GCC_WARN_UNINITIALIZED_AUTOS = YES_AGGRESSIVE;
				GCC_WARN_UNUSED_FUNCTION = YES;
				GCC_WARN_UNUSED_VARIABLE = YES;
				MACOSX_DEPLOYMENT_TARGET = 10.10;
				MTL_ENABLE_DEBUG_INFO = NO;
				SDKROOT = macosx;
			};
			name = Release;
		};
		8162EF361A8572EA00B230AD /* Debug */ = {
			isa = XCBuildConfiguration;
			buildSettings = {
				ASSETCATALOG_COMPILER_APPICON_NAME = AppIcon;
				COMBINE_HIDPI_IMAGES = YES;
				INFOPLIST_FILE = MirrorLaserTag/Info.plist;
				LD_RUNPATH_SEARCH_PATHS = "$(inherited) @executable_path/../Frameworks";
				PRODUCT_NAME = "$(TARGET_NAME)";
			};
			name = Debug;
		};
		8162EF371A8572EA00B230AD /* Release */ = {
			isa = XCBuildConfiguration;
			buildSettings = {
				ASSETCATALOG_COMPILER_APPICON_NAME = AppIcon;
				COMBINE_HIDPI_IMAGES = YES;
				INFOPLIST_FILE = MirrorLaserTag/Info.plist;
				LD_RUNPATH_SEARCH_PATHS = "$(inherited) @executable_path/../Frameworks";
				PRODUCT_NAME = "$(TARGET_NAME)";
			};
			name = Release;
		};
		8162EF391A8572EA00B230AD /* Debug */ = {
			isa = XCBuildConfiguration;
			buildSettings = {
				BUNDLE_LOADER = "$(TEST_HOST)";
				COMBINE_HIDPI_IMAGES = YES;
				FRAMEWORK_SEARCH_PATHS = (
					"$(DEVELOPER_FRAMEWORKS_DIR)",
					"$(inherited)",
				);
				GCC_PREPROCESSOR_DEFINITIONS = (
					"DEBUG=1",
					"$(inherited)",
				);
				INFOPLIST_FILE = MirrorLaserTagTests/Info.plist;
				LD_RUNPATH_SEARCH_PATHS = "$(inherited) @executable_path/../Frameworks @loader_path/../Frameworks";
				PRODUCT_NAME = "$(TARGET_NAME)";
				TEST_HOST = "$(BUILT_PRODUCTS_DIR)/MirrorLaserTag.app/Contents/MacOS/MirrorLaserTag";
			};
			name = Debug;
		};
		8162EF3A1A8572EA00B230AD /* Release */ = {
			isa = XCBuildConfiguration;
			buildSettings = {
				BUNDLE_LOADER = "$(TEST_HOST)";
				COMBINE_HIDPI_IMAGES = YES;
				FRAMEWORK_SEARCH_PATHS = (
					"$(DEVELOPER_FRAMEWORKS_DIR)",
					"$(inherited)",
				);
				INFOPLIST_FILE = MirrorLaserTagTests/Info.plist;
				LD_RUNPATH_SEARCH_PATHS = "$(inherited) @executable_path/../Frameworks @loader_path/../Frameworks";
				PRODUCT_NAME = "$(TARGET_NAME)";
				TEST_HOST = "$(BUILT_PRODUCTS_DIR)/MirrorLaserTag.app/Contents/MacOS/MirrorLaserTag";
			};
			name = Release;
		};
/* End XCBuildConfiguration section */

/* Begin XCConfigurationList section */
		8162EF121A8572E900B230AD /* Build configuration list for PBXProject "MirrorLaserTag" */ = {
			isa = XCConfigurationList;
			buildConfigurations = (
				8162EF331A8572EA00B230AD /* Debug */,
				8162EF341A8572EA00B230AD /* Release */,
			);
			defaultConfigurationIsVisible = 0;
			defaultConfigurationName = Release;
		};
		8162EF351A8572EA00B230AD /* Build configuration list for PBXNativeTarget "MirrorLaserTag" */ = {
			isa = XCConfigurationList;
			buildConfigurations = (
				8162EF361A8572EA00B230AD /* Debug */,
				8162EF371A8572EA00B230AD /* Release */,
			);
			defaultConfigurationIsVisible = 0;
			defaultConfigurationName = Release;
		};
		8162EF381A8572EA00B230AD /* Build configuration list for PBXNativeTarget "MirrorLaserTagTests" */ = {
			isa = XCConfigurationList;
			buildConfigurations = (
				8162EF391A8572EA00B230AD /* Debug */,
				8162EF3A1A8572EA00B230AD /* Release */,
			);
			defaultConfigurationIsVisible = 0;
			defaultConfigurationName = Release;
		};
/* End XCConfigurationList section */
	};
	rootObject = 8162EF0F1A8572E900B230AD /* Project object */;
}
